# This file is automatically @generated by Cargo.
# It is not intended for manual editing.
version = 4

[[package]]
name = "ausgleich-cli"
version = "0.0.0"
dependencies = [
 "ausgleich-data",
 "ausgleich-equations",
 "ausgleich-report",
 "ausgleich-solve",
]

[[package]]
name = "ausgleich-data"
version = "0.0.0"

[[package]]
name = "ausgleich-equations"
version = "0.0.0"
dependencies = [
 "ausgleich-data",
]

[[package]]
name = "ausgleich-report"
version = "0.0.0"
dependencies = [
 "ausgleich-data",
 "ausgleich-solve",
]

[[package]]
name = "ausgleich-solve"
version = "0.0.0"
